
Microsoft Visual Studio Solution File, Format Version 12.00
# Visual Studio Version 16
VisualStudioVersion = 16.0.30523.141
MinimumVisualStudioVersion = 10.0.40219.1
Project("{FAE04EC0-301F-11D3-BF4B-00C04F79EFBC}") = "BSI.CloakDagger", "BSI.CloakDagger\BSI.CloakDagger.csproj", "{0C97D849-164D-40B6-93C3-33FC6519FBBF}"
EndProject
Project("{FAE04EC0-301F-11D3-BF4B-00C04F79EFBC}") = "BSI.CloakDagger.CivilWar", "BSI.CloakDagger.CivilWar\BSI.CloakDagger.CivilWar.csproj", "{0988B2E5-4B0B-4BDD-84AA-D272D1F07E9C}"
EndProject
Global
	GlobalSection(SolutionConfigurationPlatforms) = preSolution
		Debug|Any CPU = Debug|Any CPU
		Debug|x64 = Debug|x64
		Release|Any CPU = Release|Any CPU
		Release|x64 = Release|x64
	EndGlobalSection
	GlobalSection(ProjectConfigurationPlatforms) = postSolution
		{0C97D849-164D-40B6-93C3-33FC6519FBBF}.Debug|Any CPU.ActiveCfg = Debug|Any CPU
		{0C97D849-164D-40B6-93C3-33FC6519FBBF}.Debug|Any CPU.Build.0 = Debug|Any CPU
		{0C97D849-164D-40B6-93C3-33FC6519FBBF}.Debug|x64.ActiveCfg = Debug|x64
		{0C97D849-164D-40B6-93C3-33FC6519FBBF}.Debug|x64.Build.0 = Debug|x64
		{0C97D849-164D-40B6-93C3-33FC6519FBBF}.Release|Any CPU.ActiveCfg = Release|Any CPU
		{0C97D849-164D-40B6-93C3-33FC6519FBBF}.Release|Any CPU.Build.0 = Release|Any CPU
		{0C97D849-164D-40B6-93C3-33FC6519FBBF}.Release|x64.ActiveCfg = Release|Any CPU
		{0C97D849-164D-40B6-93C3-33FC6519FBBF}.Release|x64.Build.0 = Release|Any CPU
		{0988B2E5-4B0B-4BDD-84AA-D272D1F07E9C}.Debug|Any CPU.ActiveCfg = Debug|Any CPU
		{0988B2E5-4B0B-4BDD-84AA-D272D1F07E9C}.Debug|Any CPU.Build.0 = Debug|Any CPU
		{0988B2E5-4B0B-4BDD-84AA-D272D1F07E9C}.Debug|x64.ActiveCfg = Debug|x64
		{0988B2E5-4B0B-4BDD-84AA-D272D1F07E9C}.Debug|x64.Build.0 = Debug|x64
		{0988B2E5-4B0B-4BDD-84AA-D272D1F07E9C}.Release|Any CPU.ActiveCfg = Release|Any CPU
		{0988B2E5-4B0B-4BDD-84AA-D272D1F07E9C}.Release|Any CPU.Build.0 = Release|Any CPU
		{0988B2E5-4B0B-4BDD-84AA-D272D1F07E9C}.Release|x64.ActiveCfg = Release|Any CPU
		{0988B2E5-4B0B-4BDD-84AA-D272D1F07E9C}.Release|x64.Build.0 = Release|Any CPU
	EndGlobalSection
	GlobalSection(SolutionProperties) = preSolution
		HideSolutionNode = FALSE
	EndGlobalSection
	GlobalSection(ExtensibilityGlobals) = postSolution
		SolutionGuid = {288F051E-1E8C-484E-BA22-67ABD278D6BF}
	EndGlobalSection
EndGlobal
